
Microsoft Visual Studio Solution File, Format Version 12.00
# Visual Studio Version 17
VisualStudioVersion = 17.0.32014.148
MinimumVisualStudioVersion = 10.0.40219.1
Project("{D954291E-2A0B-460D-934E-DC6B0785DB48}") = "UNOUI.Shared", "UNOUI\UNOUI.Shared\UNOUI.Shared.shproj", "{6279C845-92F8-4333-AB99-3D213163593C}"
EndProject
Project("{2150E333-8FDC-42A3-9474-1A3956D46DE8}") = "Platforms", "Platforms", "{F9B5E39B-6032-4015-B4A2-8FE6D7123139}"
EndProject
Project("{FAE04EC0-301F-11D3-BF4B-00C04F79EFBC}") = "UNOUI.Droid", "UNOUI\UNOUI.Droid\UNOUI.Droid.csproj", "{234E05B3-90E5-47C8-A2F4-1C9A25FA996E}"
EndProject
Project("{FAE04EC0-301F-11D3-BF4B-00C04F79EFBC}") = "UNOUI.iOS", "UNOUI\UNOUI.iOS\UNOUI.iOS.csproj", "{44F36988-6D90-4F97-889F-B7B4A007AF8E}"
EndProject
Project("{FAE04EC0-301F-11D3-BF4B-00C04F79EFBC}") = "UNOUI.UWP", "UNOUI\UNOUI.UWP\UNOUI.UWP.csproj", "{7B5540B8-951A-4A9F-8D87-6F2F33003B3D}"
EndProject
Project("{9A19103F-16F7-4668-BE54-9A1E7A4F7556}") = "UNOUI.Wasm", "UNOUI\UNOUI.Wasm\UNOUI.Wasm.csproj", "{59B5BCF7-FBCF-49F0-8083-0C59E5608F16}"
EndProject
Project("{FAE04EC0-301F-11D3-BF4B-00C04F79EFBC}") = "UNOUI.macOS", "UNOUI\UNOUI.macOS\UNOUI.macOS.csproj", "{43041F5C-952E-462C-88D1-4864CE30B1E0}"
EndProject
Project("{9A19103F-16F7-4668-BE54-9A1E7A4F7556}") = "UNOUI.Skia.Wpf.Host", "UNOUI\UNOUI.Skia.Wpf.Host\UNOUI.Skia.Wpf.Host.csproj", "{9AEECC45-B2A0-4880-805B-9EB8C8BB4F49}"
EndProject
Project("{9A19103F-16F7-4668-BE54-9A1E7A4F7556}") = "UNOUI.Skia.Wpf", "UNOUI\UNOUI.Skia.Wpf\UNOUI.Skia.Wpf.csproj", "{3B474C0B-144B-457E-8A0E-A96D03363827}"
EndProject
Project("{9A19103F-16F7-4668-BE54-9A1E7A4F7556}") = "UNOUI.Skia.Gtk", "UNOUI\UNOUI.Skia.Gtk\UNOUI.Skia.Gtk.csproj", "{0C9ACD02-C3E9-49C1-9BEB-8534B58239F9}"
EndProject
Project("{9A19103F-16F7-4668-BE54-9A1E7A4F7556}") = "UNOUI.Skia.Tizen", "UNOUI\UNOUI.Skia.Tizen\UNOUI.Skia.Tizen.csproj", "{86E0BE0C-2D17-40CB-A2A1-C9C68764C9CE}"
EndProject
Global
	GlobalSection(SharedMSBuildProjectFiles) = preSolution
		UNOUI\UNOUI.Shared\UNOUI.Shared.projitems*{0c9acd02-c3e9-49c1-9beb-8534b58239f9}*SharedItemsImports = 5
		UNOUI\UNOUI.Shared\UNOUI.Shared.projitems*{234e05b3-90e5-47c8-a2f4-1c9a25fa996e}*SharedItemsImports = 4
		UNOUI\UNOUI.Shared\UNOUI.Shared.projitems*{3b474c0b-144b-457e-8a0e-a96d03363827}*SharedItemsImports = 5
		UNOUI\UNOUI.Shared\UNOUI.Shared.projitems*{43041f5c-952e-462c-88d1-4864ce30b1e0}*SharedItemsImports = 4
		UNOUI\UNOUI.Shared\UNOUI.Shared.projitems*{44f36988-6d90-4f97-889f-b7b4a007af8e}*SharedItemsImports = 4
		UNOUI\UNOUI.Shared\UNOUI.Shared.projitems*{59b5bcf7-fbcf-49f0-8083-0c59e5608f16}*SharedItemsImports = 5
		UNOUI\UNOUI.Shared\UNOUI.Shared.projitems*{6279c845-92f8-4333-ab99-3d213163593c}*SharedItemsImports = 13
		UNOUI\UNOUI.Shared\UNOUI.Shared.projitems*{7b5540b8-951a-4a9f-8d87-6f2f33003b3d}*SharedItemsImports = 4
		UNOUI\UNOUI.Shared\UNOUI.Shared.projitems*{86e0be0c-2d17-40cb-a2a1-c9c68764c9ce}*SharedItemsImports = 5
	EndGlobalSection
	GlobalSection(SolutionConfigurationPlatforms) = preSolution
		Ad-Hoc|Any CPU = Ad-Hoc|Any CPU
		Ad-Hoc|ARM = Ad-Hoc|ARM
		Ad-Hoc|ARM64 = Ad-Hoc|ARM64
		Ad-Hoc|iPhone = Ad-Hoc|iPhone
		Ad-Hoc|iPhoneSimulator = Ad-Hoc|iPhoneSimulator
		Ad-Hoc|x64 = Ad-Hoc|x64
		Ad-Hoc|x86 = Ad-Hoc|x86
		AppStore|Any CPU = AppStore|Any CPU
		AppStore|ARM = AppStore|ARM
		AppStore|ARM64 = AppStore|ARM64
		AppStore|iPhone = AppStore|iPhone
		AppStore|iPhoneSimulator = AppStore|iPhoneSimulator
		AppStore|x64 = AppStore|x64
		AppStore|x86 = AppStore|x86
		Debug|Any CPU = Debug|Any CPU
		Debug|ARM = Debug|ARM
		Debug|ARM64 = Debug|ARM64
		Debug|iPhone = Debug|iPhone
		Debug|iPhoneSimulator = Debug|iPhoneSimulator
		Debug|x64 = Debug|x64
		Debug|x86 = Debug|x86
		Release|Any CPU = Release|Any CPU
		Release|ARM = Release|ARM
		Release|ARM64 = Release|ARM64
		Release|iPhone = Release|iPhone
		Release|iPhoneSimulator = Release|iPhoneSimulator
		Release|x64 = Release|x64
		Release|x86 = Release|x86
	EndGlobalSection
	GlobalSection(ProjectConfigurationPlatforms) = postSolution
		{234E05B3-90E5-47C8-A2F4-1C9A25FA996E}.Ad-Hoc|Any CPU.ActiveCfg = Debug|Any CPU
		{234E05B3-90E5-47C8-A2F4-1C9A25FA996E}.Ad-Hoc|Any CPU.Build.0 = Debug|Any CPU
		{234E05B3-90E5-47C8-A2F4-1C9A25FA996E}.Ad-Hoc|Any CPU.Deploy.0 = Debug|Any CPU
		{234E05B3-90E5-47C8-A2F4-1C9A25FA996E}.Ad-Hoc|ARM.ActiveCfg = Debug|Any CPU
		{234E05B3-90E5-47C8-A2F4-1C9A25FA996E}.Ad-Hoc|ARM.Build.0 = Debug|Any CPU
		{234E05B3-90E5-47C8-A2F4-1C9A25FA996E}.Ad-Hoc|ARM.Deploy.0 = Debug|Any CPU
		{234E05B3-90E5-47C8-A2F4-1C9A25FA996E}.Ad-Hoc|ARM64.ActiveCfg = Debug|Any CPU
		{234E05B3-90E5-47C8-A2F4-1C9A25FA996E}.Ad-Hoc|ARM64.Build.0 = Debug|Any CPU
		{234E05B3-90E5-47C8-A2F4-1C9A25FA996E}.Ad-Hoc|ARM64.Deploy.0 = Debug|Any CPU
		{234E05B3-90E5-47C8-A2F4-1C9A25FA996E}.Ad-Hoc|iPhone.ActiveCfg = Debug|Any CPU
		{234E05B3-90E5-47C8-A2F4-1C9A25FA996E}.Ad-Hoc|iPhone.Build.0 = Debug|Any CPU
		{234E05B3-90E5-47C8-A2F4-1C9A25FA996E}.Ad-Hoc|iPhone.Deploy.0 = Debug|Any CPU
		{234E05B3-90E5-47C8-A2F4-1C9A25FA996E}.Ad-Hoc|iPhoneSimulator.ActiveCfg = Debug|Any CPU
		{234E05B3-90E5-47C8-A2F4-1C9A25FA996E}.Ad-Hoc|iPhoneSimulator.Build.0 = Debug|Any CPU
		{234E05B3-90E5-47C8-A2F4-1C9A25FA996E}.Ad-Hoc|iPhoneSimulator.Deploy.0 = Debug|Any CPU
		{234E05B3-90E5-47C8-A2F4-1C9A25FA996E}.Ad-Hoc|x64.ActiveCfg = Debug|Any CPU
		{234E05B3-90E5-47C8-A2F4-1C9A25FA996E}.Ad-Hoc|x64.Build.0 = Debug|Any CPU
		{234E05B3-90E5-47C8-A2F4-1C9A25FA996E}.Ad-Hoc|x64.Deploy.0 = Debug|Any CPU
		{234E05B3-90E5-47C8-A2F4-1C9A25FA996E}.Ad-Hoc|x86.ActiveCfg = Debug|Any CPU
		{234E05B3-90E5-47C8-A2F4-1C9A25FA996E}.Ad-Hoc|x86.Build.0 = Debug|Any CPU
		{234E05B3-90E5-47C8-A2F4-1C9A25FA996E}.Ad-Hoc|x86.Deploy.0 = Debug|Any CPU
		{234E05B3-90E5-47C8-A2F4-1C9A25FA996E}.AppStore|Any CPU.ActiveCfg = Debug|Any CPU
		{234E05B3-90E5-47C8-A2F4-1C9A25FA996E}.AppStore|Any CPU.Build.0 = Debug|Any CPU
		{234E05B3-90E5-47C8-A2F4-1C9A25FA996E}.AppStore|Any CPU.Deploy.0 = Debug|Any CPU
		{234E05B3-90E5-47C8-A2F4-1C9A25FA996E}.AppStore|ARM.ActiveCfg = Debug|Any CPU
		{234E05B3-90E5-47C8-A2F4-1C9A25FA996E}.AppStore|ARM.Build.0 = Debug|Any CPU
		{234E05B3-90E5-47C8-A2F4-1C9A25FA996E}.AppStore|ARM.Deploy.0 = Debug|Any CPU
		{234E05B3-90E5-47C8-A2F4-1C9A25FA996E}.AppStore|ARM64.ActiveCfg = Debug|Any CPU
		{234E05B3-90E5-47C8-A2F4-1C9A25FA996E}.AppStore|ARM64.Build.0 = Debug|Any CPU
		{234E05B3-90E5-47C8-A2F4-1C9A25FA996E}.AppStore|ARM64.Deploy.0 = Debug|Any CPU
		{234E05B3-90E5-47C8-A2F4-1C9A25FA996E}.AppStore|iPhone.ActiveCfg = Debug|Any CPU
		{234E05B3-90E5-47C8-A2F4-1C9A25FA996E}.AppStore|iPhone.Build.0 = Debug|Any CPU
		{234E05B3-90E5-47C8-A2F4-1C9A25FA996E}.AppStore|iPhone.Deploy.0 = Debug|Any CPU
		{234E05B3-90E5-47C8-A2F4-1C9A25FA996E}.AppStore|iPhoneSimulator.ActiveCfg = Debug|Any CPU
		{234E05B3-90E5-47C8-A2F4-1C9A25FA996E}.AppStore|iPhoneSimulator.Build.0 = Debug|Any CPU
		{234E05B3-90E5-47C8-A2F4-1C9A25FA996E}.AppStore|iPhoneSimulator.Deploy.0 = Debug|Any CPU
		{234E05B3-90E5-47C8-A2F4-1C9A25FA996E}.AppStore|x64.ActiveCfg = Debug|Any CPU
		{234E05B3-90E5-47C8-A2F4-1C9A25FA996E}.AppStore|x64.Build.0 = Debug|Any CPU
		{234E05B3-90E5-47C8-A2F4-1C9A25FA996E}.AppStore|x64.Deploy.0 = Debug|Any CPU
		{234E05B3-90E5-47C8-A2F4-1C9A25FA996E}.AppStore|x86.ActiveCfg = Debug|Any CPU
		{234E05B3-90E5-47C8-A2F4-1C9A25FA996E}.AppStore|x86.Build.0 = Debug|Any CPU
		{234E05B3-90E5-47C8-A2F4-1C9A25FA996E}.AppStore|x86.Deploy.0 = Debug|Any CPU
		{234E05B3-90E5-47C8-A2F4-1C9A25FA996E}.Debug|Any CPU.ActiveCfg = Debug|Any CPU
		{234E05B3-90E5-47C8-A2F4-1C9A25FA996E}.Debug|Any CPU.Build.0 = Debug|Any CPU
		{234E05B3-90E5-47C8-A2F4-1C9A25FA996E}.Debug|Any CPU.Deploy.0 = Debug|Any CPU
		{234E05B3-90E5-47C8-A2F4-1C9A25FA996E}.Debug|ARM.ActiveCfg = Debug|Any CPU
		{234E05B3-90E5-47C8-A2F4-1C9A25FA996E}.Debug|ARM.Build.0 = Debug|Any CPU
		{234E05B3-90E5-47C8-A2F4-1C9A25FA996E}.Debug|ARM.Deploy.0 = Debug|Any CPU
		{234E05B3-90E5-47C8-A2F4-1C9A25FA996E}.Debug|ARM64.ActiveCfg = Debug|Any CPU
		{234E05B3-90E5-47C8-A2F4-1C9A25FA996E}.Debug|ARM64.Build.0 = Debug|Any CPU
		{234E05B3-90E5-47C8-A2F4-1C9A25FA996E}.Debug|ARM64.Deploy.0 = Debug|Any CPU
		{234E05B3-90E5-47C8-A2F4-1C9A25FA996E}.Debug|iPhone.ActiveCfg = Debug|Any CPU
		{234E05B3-90E5-47C8-A2F4-1C9A25FA996E}.Debug|iPhone.Build.0 = Debug|Any CPU
		{234E05B3-90E5-47C8-A2F4-1C9A25FA996E}.Debug|iPhone.Deploy.0 = Debug|Any CPU
		{234E05B3-90E5-47C8-A2F4-1C9A25FA996E}.Debug|iPhoneSimulator.ActiveCfg = Debug|Any CPU
		{234E05B3-90E5-47C8-A2F4-1C9A25FA996E}.Debug|iPhoneSimulator.Build.0 = Debug|Any CPU
		{234E05B3-90E5-47C8-A2F4-1C9A25FA996E}.Debug|iPhoneSimulator.Deploy.0 = Debug|Any CPU
		{234E05B3-90E5-47C8-A2F4-1C9A25FA996E}.Debug|x64.ActiveCfg = Debug|Any CPU
		{234E05B3-90E5-47C8-A2F4-1C9A25FA996E}.Debug|x64.Build.0 = Debug|Any CPU
		{234E05B3-90E5-47C8-A2F4-1C9A25FA996E}.Debug|x64.Deploy.0 = Debug|Any CPU
		{234E05B3-90E5-47C8-A2F4-1C9A25FA996E}.Debug|x86.ActiveCfg = Debug|Any CPU
		{234E05B3-90E5-47C8-A2F4-1C9A25FA996E}.Debug|x86.Build.0 = Debug|Any CPU
		{234E05B3-90E5-47C8-A2F4-1C9A25FA996E}.Debug|x86.Deploy.0 = Debug|Any CPU
		{234E05B3-90E5-47C8-A2F4-1C9A25FA996E}.Release|Any CPU.ActiveCfg = Release|Any CPU
		{234E05B3-90E5-47C8-A2F4-1C9A25FA996E}.Release|Any CPU.Build.0 = Release|Any CPU
		{234E05B3-90E5-47C8-A2F4-1C9A25FA996E}.Release|Any CPU.Deploy.0 = Release|Any CPU
		{234E05B3-90E5-47C8-A2F4-1C9A25FA996E}.Release|ARM.ActiveCfg = Release|Any CPU
		{234E05B3-90E5-47C8-A2F4-1C9A25FA996E}.Release|ARM.Build.0 = Release|Any CPU
		{234E05B3-90E5-47C8-A2F4-1C9A25FA996E}.Release|ARM.Deploy.0 = Release|Any CPU
		{234E05B3-90E5-47C8-A2F4-1C9A25FA996E}.Release|ARM64.ActiveCfg = Release|Any CPU
		{234E05B3-90E5-47C8-A2F4-1C9A25FA996E}.Release|ARM64.Build.0 = Release|Any CPU
		{234E05B3-90E5-47C8-A2F4-1C9A25FA996E}.Release|ARM64.Deploy.0 = Release|Any CPU
		{234E05B3-90E5-47C8-A2F4-1C9A25FA996E}.Release|iPhone.ActiveCfg = Release|Any CPU
		{234E05B3-90E5-47C8-A2F4-1C9A25FA996E}.Release|iPhone.Build.0 = Release|Any CPU
		{234E05B3-90E5-47C8-A2F4-1C9A25FA996E}.Release|iPhone.Deploy.0 = Release|Any CPU
		{234E05B3-90E5-47C8-A2F4-1C9A25FA996E}.Release|iPhoneSimulator.ActiveCfg = Release|Any CPU
		{234E05B3-90E5-47C8-A2F4-1C9A25FA996E}.Release|iPhoneSimulator.Build.0 = Release|Any CPU
		{234E05B3-90E5-47C8-A2F4-1C9A25FA996E}.Release|iPhoneSimulator.Deploy.0 = Release|Any CPU
		{234E05B3-90E5-47C8-A2F4-1C9A25FA996E}.Release|x64.ActiveCfg = Release|Any CPU
		{234E05B3-90E5-47C8-A2F4-1C9A25FA996E}.Release|x64.Build.0 = Release|Any CPU
		{234E05B3-90E5-47C8-A2F4-1C9A25FA996E}.Release|x64.Deploy.0 = Release|Any CPU
		{234E05B3-90E5-47C8-A2F4-1C9A25FA996E}.Release|x86.ActiveCfg = Release|Any CPU
		{234E05B3-90E5-47C8-A2F4-1C9A25FA996E}.Release|x86.Build.0 = Release|Any CPU
		{234E05B3-90E5-47C8-A2F4-1C9A25FA996E}.Release|x86.Deploy.0 = Release|Any CPU
		{44F36988-6D90-4F97-889F-B7B4A007AF8E}.Ad-Hoc|Any CPU.ActiveCfg = Ad-Hoc|iPhoneSimulator
		{44F36988-6D90-4F97-889F-B7B4A007AF8E}.Ad-Hoc|Any CPU.Build.0 = Ad-Hoc|iPhoneSimulator
		{44F36988-6D90-4F97-889F-B7B4A007AF8E}.Ad-Hoc|ARM.ActiveCfg = Ad-Hoc|iPhoneSimulator
		{44F36988-6D90-4F97-889F-B7B4A007AF8E}.Ad-Hoc|ARM.Build.0 = Ad-Hoc|iPhoneSimulator
		{44F36988-6D90-4F97-889F-B7B4A007AF8E}.Ad-Hoc|ARM64.ActiveCfg = Ad-Hoc|iPhoneSimulator
		{44F36988-6D90-4F97-889F-B7B4A007AF8E}.Ad-Hoc|ARM64.Build.0 = Ad-Hoc|iPhoneSimulator
		{44F36988-6D90-4F97-889F-B7B4A007AF8E}.Ad-Hoc|iPhone.ActiveCfg = Ad-Hoc|iPhone
		{44F36988-6D90-4F97-889F-B7B4A007AF8E}.Ad-Hoc|iPhone.Build.0 = Ad-Hoc|iPhone
		{44F36988-6D90-4F97-889F-B7B4A007AF8E}.Ad-Hoc|iPhoneSimulator.ActiveCfg = Ad-Hoc|iPhoneSimulator
		{44F36988-6D90-4F97-889F-B7B4A007AF8E}.Ad-Hoc|iPhoneSimulator.Build.0 = Ad-Hoc|iPhoneSimulator
		{44F36988-6D90-4F97-889F-B7B4A007AF8E}.Ad-Hoc|x64.ActiveCfg = Ad-Hoc|iPhoneSimulator
		{44F36988-6D90-4F97-889F-B7B4A007AF8E}.Ad-Hoc|x64.Build.0 = Ad-Hoc|iPhoneSimulator
		{44F36988-6D90-4F97-889F-B7B4A007AF8E}.Ad-Hoc|x86.ActiveCfg = Ad-Hoc|iPhoneSimulator
		{44F36988-6D90-4F97-889F-B7B4A007AF8E}.Ad-Hoc|x86.Build.0 = Ad-Hoc|iPhoneSimulator
		{44F36988-6D90-4F97-889F-B7B4A007AF8E}.AppStore|Any CPU.ActiveCfg = AppStore|iPhoneSimulator
		{44F36988-6D90-4F97-889F-B7B4A007AF8E}.AppStore|Any CPU.Build.0 = AppStore|iPhoneSimulator
		{44F36988-6D90-4F97-889F-B7B4A007AF8E}.AppStore|ARM.ActiveCfg = AppStore|iPhoneSimulator
		{44F36988-6D90-4F97-889F-B7B4A007AF8E}.AppStore|ARM.Build.0 = AppStore|iPhoneSimulator
		{44F36988-6D90-4F97-889F-B7B4A007AF8E}.AppStore|ARM64.ActiveCfg = AppStore|iPhoneSimulator
		{44F36988-6D90-4F97-889F-B7B4A007AF8E}.AppStore|ARM64.Build.0 = AppStore|iPhoneSimulator
		{44F36988-6D90-4F97-889F-B7B4A007AF8E}.AppStore|iPhone.ActiveCfg = AppStore|iPhone
		{44F36988-6D90-4F97-889F-B7B4A007AF8E}.AppStore|iPhone.Build.0 = AppStore|iPhone
		{44F36988-6D90-4F97-889F-B7B4A007AF8E}.AppStore|iPhoneSimulator.ActiveCfg = AppStore|iPhoneSimulator
		{44F36988-6D90-4F97-889F-B7B4A007AF8E}.AppStore|iPhoneSimulator.Build.0 = AppStore|iPhoneSimulator
		{44F36988-6D90-4F97-889F-B7B4A007AF8E}.AppStore|x64.ActiveCfg = AppStore|iPhoneSimulator
		{44F36988-6D90-4F97-889F-B7B4A007AF8E}.AppStore|x64.Build.0 = AppStore|iPhoneSimulator
		{44F36988-6D90-4F97-889F-B7B4A007AF8E}.AppStore|x86.ActiveCfg = AppStore|iPhoneSimulator
		{44F36988-6D90-4F97-889F-B7B4A007AF8E}.AppStore|x86.Build.0 = AppStore|iPhoneSimulator
		{44F36988-6D90-4F97-889F-B7B4A007AF8E}.Debug|Any CPU.ActiveCfg = Debug|iPhoneSimulator
		{44F36988-6D90-4F97-889F-B7B4A007AF8E}.Debug|Any CPU.Build.0 = Debug|iPhoneSimulator
		{44F36988-6D90-4F97-889F-B7B4A007AF8E}.Debug|ARM.ActiveCfg = Debug|iPhoneSimulator
		{44F36988-6D90-4F97-889F-B7B4A007AF8E}.Debug|ARM.Build.0 = Debug|iPhoneSimulator
		{44F36988-6D90-4F97-889F-B7B4A007AF8E}.Debug|ARM64.ActiveCfg = Debug|iPhoneSimulator
		{44F36988-6D90-4F97-889F-B7B4A007AF8E}.Debug|ARM64.Build.0 = Debug|iPhoneSimulator
		{44F36988-6D90-4F97-889F-B7B4A007AF8E}.Debug|iPhone.ActiveCfg = Debug|iPhone
		{44F36988-6D90-4F97-889F-B7B4A007AF8E}.Debug|iPhone.Build.0 = Debug|iPhone
		{44F36988-6D90-4F97-889F-B7B4A007AF8E}.Debug|iPhoneSimulator.ActiveCfg = Debug|iPhoneSimulator
		{44F36988-6D90-4F97-889F-B7B4A007AF8E}.Debug|iPhoneSimulator.Build.0 = Debug|iPhoneSimulator
		{44F36988-6D90-4F97-889F-B7B4A007AF8E}.Debug|x64.ActiveCfg = Debug|iPhoneSimulator
		{44F36988-6D90-4F97-889F-B7B4A007AF8E}.Debug|x64.Build.0 = Debug|iPhoneSimulator
		{44F36988-6D90-4F97-889F-B7B4A007AF8E}.Debug|x86.ActiveCfg = Debug|iPhoneSimulator
		{44F36988-6D90-4F97-889F-B7B4A007AF8E}.Debug|x86.Build.0 = Debug|iPhoneSimulator
		{44F36988-6D90-4F97-889F-B7B4A007AF8E}.Release|Any CPU.ActiveCfg = Release|iPhoneSimulator
		{44F36988-6D90-4F97-889F-B7B4A007AF8E}.Release|Any CPU.Build.0 = Release|iPhoneSimulator
		{44F36988-6D90-4F97-889F-B7B4A007AF8E}.Release|ARM.ActiveCfg = Release|iPhoneSimulator
		{44F36988-6D90-4F97-889F-B7B4A007AF8E}.Release|ARM.Build.0 = Release|iPhoneSimulator
		{44F36988-6D90-4F97-889F-B7B4A007AF8E}.Release|ARM64.ActiveCfg = Release|iPhoneSimulator
		{44F36988-6D90-4F97-889F-B7B4A007AF8E}.Release|ARM64.Build.0 = Release|iPhoneSimulator
		{44F36988-6D90-4F97-889F-B7B4A007AF8E}.Release|iPhone.ActiveCfg = Release|iPhone
		{44F36988-6D90-4F97-889F-B7B4A007AF8E}.Release|iPhone.Build.0 = Release|iPhone
		{44F36988-6D90-4F97-889F-B7B4A007AF8E}.Release|iPhoneSimulator.ActiveCfg = Release|iPhoneSimulator
		{44F36988-6D90-4F97-889F-B7B4A007AF8E}.Release|iPhoneSimulator.Build.0 = Release|iPhoneSimulator
		{44F36988-6D90-4F97-889F-B7B4A007AF8E}.Release|x64.ActiveCfg = Release|iPhoneSimulator
		{44F36988-6D90-4F97-889F-B7B4A007AF8E}.Release|x64.Build.0 = Release|iPhoneSimulator
		{44F36988-6D90-4F97-889F-B7B4A007AF8E}.Release|x86.ActiveCfg = Release|iPhoneSimulator
		{44F36988-6D90-4F97-889F-B7B4A007AF8E}.Release|x86.Build.0 = Release|iPhoneSimulator
		{7B5540B8-951A-4A9F-8D87-6F2F33003B3D}.Ad-Hoc|Any CPU.ActiveCfg = Debug|x86
		{7B5540B8-951A-4A9F-8D87-6F2F33003B3D}.Ad-Hoc|Any CPU.Build.0 = Debug|x86
		{7B5540B8-951A-4A9F-8D87-6F2F33003B3D}.Ad-Hoc|Any CPU.Deploy.0 = Debug|x86
		{7B5540B8-951A-4A9F-8D87-6F2F33003B3D}.Ad-Hoc|ARM.ActiveCfg = Debug|ARM
		{7B5540B8-951A-4A9F-8D87-6F2F33003B3D}.Ad-Hoc|ARM.Build.0 = Debug|ARM
		{7B5540B8-951A-4A9F-8D87-6F2F33003B3D}.Ad-Hoc|ARM.Deploy.0 = Debug|ARM
		{7B5540B8-951A-4A9F-8D87-6F2F33003B3D}.Ad-Hoc|ARM64.ActiveCfg = Debug|ARM64
		{7B5540B8-951A-4A9F-8D87-6F2F33003B3D}.Ad-Hoc|ARM64.Build.0 = Debug|ARM64
		{7B5540B8-951A-4A9F-8D87-6F2F33003B3D}.Ad-Hoc|ARM64.Deploy.0 = Debug|ARM64
		{7B5540B8-951A-4A9F-8D87-6F2F33003B3D}.Ad-Hoc|iPhone.ActiveCfg = Debug|x86
		{7B5540B8-951A-4A9F-8D87-6F2F33003B3D}.Ad-Hoc|iPhone.Build.0 = Debug|x86
		{7B5540B8-951A-4A9F-8D87-6F2F33003B3D}.Ad-Hoc|iPhone.Deploy.0 = Debug|x86
		{7B5540B8-951A-4A9F-8D87-6F2F33003B3D}.Ad-Hoc|iPhoneSimulator.ActiveCfg = Debug|x86
		{7B5540B8-951A-4A9F-8D87-6F2F33003B3D}.Ad-Hoc|iPhoneSimulator.Build.0 = Debug|x86
		{7B5540B8-951A-4A9F-8D87-6F2F33003B3D}.Ad-Hoc|iPhoneSimulator.Deploy.0 = Debug|x86
		{7B5540B8-951A-4A9F-8D87-6F2F33003B3D}.Ad-Hoc|x64.ActiveCfg = Debug|x64
		{7B5540B8-951A-4A9F-8D87-6F2F33003B3D}.Ad-Hoc|x64.Build.0 = Debug|x64
		{7B5540B8-951A-4A9F-8D87-6F2F33003B3D}.Ad-Hoc|x64.Deploy.0 = Debug|x64
		{7B5540B8-951A-4A9F-8D87-6F2F33003B3D}.Ad-Hoc|x86.ActiveCfg = Debug|x86
		{7B5540B8-951A-4A9F-8D87-6F2F33003B3D}.Ad-Hoc|x86.Build.0 = Debug|x86
		{7B5540B8-951A-4A9F-8D87-6F2F33003B3D}.Ad-Hoc|x86.Deploy.0 = Debug|x86
		{7B5540B8-951A-4A9F-8D87-6F2F33003B3D}.AppStore|Any CPU.ActiveCfg = Debug|x86
		{7B5540B8-951A-4A9F-8D87-6F2F33003B3D}.AppStore|Any CPU.Build.0 = Debug|x86
		{7B5540B8-951A-4A9F-8D87-6F2F33003B3D}.AppStore|Any CPU.Deploy.0 = Debug|x86
		{7B5540B8-951A-4A9F-8D87-6F2F33003B3D}.AppStore|ARM.ActiveCfg = Debug|ARM
		{7B5540B8-951A-4A9F-8D87-6F2F33003B3D}.AppStore|ARM.Build.0 = Debug|ARM
		{7B5540B8-951A-4A9F-8D87-6F2F33003B3D}.AppStore|ARM.Deploy.0 = Debug|ARM
		{7B5540B8-951A-4A9F-8D87-6F2F33003B3D}.AppStore|ARM64.ActiveCfg = Debug|ARM64
		{7B5540B8-951A-4A9F-8D87-6F2F33003B3D}.AppStore|ARM64.Build.0 = Debug|ARM64
		{7B5540B8-951A-4A9F-8D87-6F2F33003B3D}.AppStore|ARM64.Deploy.0 = Debug|ARM64
		{7B5540B8-951A-4A9F-8D87-6F2F33003B3D}.AppStore|iPhone.ActiveCfg = Debug|x86
		{7B5540B8-951A-4A9F-8D87-6F2F33003B3D}.AppStore|iPhone.Build.0 = Debug|x86
		{7B5540B8-951A-4A9F-8D87-6F2F33003B3D}.AppStore|iPhone.Deploy.0 = Debug|x86
		{7B5540B8-951A-4A9F-8D87-6F2F33003B3D}.AppStore|iPhoneSimulator.ActiveCfg = Debug|x86
		{7B5540B8-951A-4A9F-8D87-6F2F33003B3D}.AppStore|iPhoneSimulator.Build.0 = Debug|x86
		{7B5540B8-951A-4A9F-8D87-6F2F33003B3D}.AppStore|iPhoneSimulator.Deploy.0 = Debug|x86
		{7B5540B8-951A-4A9F-8D87-6F2F33003B3D}.AppStore|x64.ActiveCfg = Debug|x64
		{7B5540B8-951A-4A9F-8D87-6F2F33003B3D}.AppStore|x64.Build.0 = Debug|x64
		{7B5540B8-951A-4A9F-8D87-6F2F33003B3D}.AppStore|x64.Deploy.0 = Debug|x64
		{7B5540B8-951A-4A9F-8D87-6F2F33003B3D}.AppStore|x86.ActiveCfg = Debug|x86
		{7B5540B8-951A-4A9F-8D87-6F2F33003B3D}.AppStore|x86.Build.0 = Debug|x86
		{7B5540B8-951A-4A9F-8D87-6F2F33003B3D}.AppStore|x86.Deploy.0 = Debug|x86
		{7B5540B8-951A-4A9F-8D87-6F2F33003B3D}.Debug|Any CPU.ActiveCfg = Debug|x64
		{7B5540B8-951A-4A9F-8D87-6F2F33003B3D}.Debug|Any CPU.Build.0 = Debug|x64
		{7B5540B8-951A-4A9F-8D87-6F2F33003B3D}.Debug|Any CPU.Deploy.0 = Debug|x64
		{7B5540B8-951A-4A9F-8D87-6F2F33003B3D}.Debug|ARM.ActiveCfg = Debug|ARM
		{7B5540B8-951A-4A9F-8D87-6F2F33003B3D}.Debug|ARM.Build.0 = Debug|ARM
		{7B5540B8-951A-4A9F-8D87-6F2F33003B3D}.Debug|ARM.Deploy.0 = Debug|ARM
		{7B5540B8-951A-4A9F-8D87-6F2F33003B3D}.Debug|ARM64.ActiveCfg = Debug|ARM64
		{7B5540B8-951A-4A9F-8D87-6F2F33003B3D}.Debug|ARM64.Build.0 = Debug|ARM64
		{7B5540B8-951A-4A9F-8D87-6F2F33003B3D}.Debug|ARM64.Deploy.0 = Debug|ARM64
		{7B5540B8-951A-4A9F-8D87-6F2F33003B3D}.Debug|iPhone.ActiveCfg = Debug|x64
		{7B5540B8-951A-4A9F-8D87-6F2F33003B3D}.Debug|iPhone.Build.0 = Debug|x64
		{7B5540B8-951A-4A9F-8D87-6F2F33003B3D}.Debug|iPhone.Deploy.0 = Debug|x64
		{7B5540B8-951A-4A9F-8D87-6F2F33003B3D}.Debug|iPhoneSimulator.ActiveCfg = Debug|x64
		{7B5540B8-951A-4A9F-8D87-6F2F33003B3D}.Debug|iPhoneSimulator.Build.0 = Debug|x64
		{7B5540B8-951A-4A9F-8D87-6F2F33003B3D}.Debug|iPhoneSimulator.Deploy.0 = Debug|x64
		{7B5540B8-951A-4A9F-8D87-6F2F33003B3D}.Debug|x64.ActiveCfg = Debug|x64
		{7B5540B8-951A-4A9F-8D87-6F2F33003B3D}.Debug|x64.Build.0 = Debug|x64
		{7B5540B8-951A-4A9F-8D87-6F2F33003B3D}.Debug|x64.Deploy.0 = Debug|x64
		{7B5540B8-951A-4A9F-8D87-6F2F33003B3D}.Debug|x86.ActiveCfg = Debug|x86
		{7B5540B8-951A-4A9F-8D87-6F2F33003B3D}.Debug|x86.Build.0 = Debug|x86
		{7B5540B8-951A-4A9F-8D87-6F2F33003B3D}.Debug|x86.Deploy.0 = Debug|x86
		{7B5540B8-951A-4A9F-8D87-6F2F33003B3D}.Release|Any CPU.ActiveCfg = Release|x64
		{7B5540B8-951A-4A9F-8D87-6F2F33003B3D}.Release|Any CPU.Build.0 = Release|x64
		{7B5540B8-951A-4A9F-8D87-6F2F33003B3D}.Release|Any CPU.Deploy.0 = Release|x64
		{7B5540B8-951A-4A9F-8D87-6F2F33003B3D}.Release|ARM.ActiveCfg = Release|ARM
		{7B5540B8-951A-4A9F-8D87-6F2F33003B3D}.Release|ARM.Build.0 = Release|ARM
		{7B5540B8-951A-4A9F-8D87-6F2F33003B3D}.Release|ARM.Deploy.0 = Release|ARM
		{7B5540B8-951A-4A9F-8D87-6F2F33003B3D}.Release|ARM64.ActiveCfg = Release|ARM64
		{7B5540B8-951A-4A9F-8D87-6F2F33003B3D}.Release|ARM64.Build.0 = Release|ARM64
		{7B5540B8-951A-4A9F-8D87-6F2F33003B3D}.Release|ARM64.Deploy.0 = Release|ARM64
		{7B5540B8-951A-4A9F-8D87-6F2F33003B3D}.Release|iPhone.ActiveCfg = Release|x64
		{7B5540B8-951A-4A9F-8D87-6F2F33003B3D}.Release|iPhone.Build.0 = Release|x64
		{7B5540B8-951A-4A9F-8D87-6F2F33003B3D}.Release|iPhone.Deploy.0 = Release|x64
		{7B5540B8-951A-4A9F-8D87-6F2F33003B3D}.Release|iPhoneSimulator.ActiveCfg = Release|x64
		{7B5540B8-951A-4A9F-8D87-6F2F33003B3D}.Release|iPhoneSimulator.Build.0 = Release|x64
		{7B5540B8-951A-4A9F-8D87-6F2F33003B3D}.Release|iPhoneSimulator.Deploy.0 = Release|x64
		{7B5540B8-951A-4A9F-8D87-6F2F33003B3D}.Release|x64.ActiveCfg = Release|x64
		{7B5540B8-951A-4A9F-8D87-6F2F33003B3D}.Release|x64.Build.0 = Release|x64
		{7B5540B8-951A-4A9F-8D87-6F2F33003B3D}.Release|x64.Deploy.0 = Release|x64
		{7B5540B8-951A-4A9F-8D87-6F2F33003B3D}.Release|x86.ActiveCfg = Release|x86
		{7B5540B8-951A-4A9F-8D87-6F2F33003B3D}.Release|x86.Build.0 = Release|x86
		{7B5540B8-951A-4A9F-8D87-6F2F33003B3D}.Release|x86.Deploy.0 = Release|x86
		{59B5BCF7-FBCF-49F0-8083-0C59E5608F16}.Ad-Hoc|Any CPU.ActiveCfg = Debug|Any CPU
		{59B5BCF7-FBCF-49F0-8083-0C59E5608F16}.Ad-Hoc|Any CPU.Build.0 = Debug|Any CPU
		{59B5BCF7-FBCF-49F0-8083-0C59E5608F16}.Ad-Hoc|ARM.ActiveCfg = Debug|Any CPU
		{59B5BCF7-FBCF-49F0-8083-0C59E5608F16}.Ad-Hoc|ARM.Build.0 = Debug|Any CPU
		{59B5BCF7-FBCF-49F0-8083-0C59E5608F16}.Ad-Hoc|ARM64.ActiveCfg = Debug|Any CPU
		{59B5BCF7-FBCF-49F0-8083-0C59E5608F16}.Ad-Hoc|ARM64.Build.0 = Debug|Any CPU
		{59B5BCF7-FBCF-49F0-8083-0C59E5608F16}.Ad-Hoc|iPhone.ActiveCfg = Debug|Any CPU
		{59B5BCF7-FBCF-49F0-8083-0C59E5608F16}.Ad-Hoc|iPhone.Build.0 = Debug|Any CPU
		{59B5BCF7-FBCF-49F0-8083-0C59E5608F16}.Ad-Hoc|iPhoneSimulator.ActiveCfg = Debug|Any CPU
		{59B5BCF7-FBCF-49F0-8083-0C59E5608F16}.Ad-Hoc|iPhoneSimulator.Build.0 = Debug|Any CPU
		{59B5BCF7-FBCF-49F0-8083-0C59E5608F16}.Ad-Hoc|x64.ActiveCfg = Debug|Any CPU
		{59B5BCF7-FBCF-49F0-8083-0C59E5608F16}.Ad-Hoc|x64.Build.0 = Debug|Any CPU
		{59B5BCF7-FBCF-49F0-8083-0C59E5608F16}.Ad-Hoc|x86.ActiveCfg = Debug|Any CPU
		{59B5BCF7-FBCF-49F0-8083-0C59E5608F16}.Ad-Hoc|x86.Build.0 = Debug|Any CPU
		{59B5BCF7-FBCF-49F0-8083-0C59E5608F16}.AppStore|Any CPU.ActiveCfg = Debug|Any CPU
		{59B5BCF7-FBCF-49F0-8083-0C59E5608F16}.AppStore|Any CPU.Build.0 = Debug|Any CPU
		{59B5BCF7-FBCF-49F0-8083-0C59E5608F16}.AppStore|ARM.ActiveCfg = Debug|Any CPU
		{59B5BCF7-FBCF-49F0-8083-0C59E5608F16}.AppStore|ARM.Build.0 = Debug|Any CPU
		{59B5BCF7-FBCF-49F0-8083-0C59E5608F16}.AppStore|ARM64.ActiveCfg = Debug|Any CPU
		{59B5BCF7-FBCF-49F0-8083-0C59E5608F16}.AppStore|ARM64.Build.0 = Debug|Any CPU
		{59B5BCF7-FBCF-49F0-8083-0C59E5608F16}.AppStore|iPhone.ActiveCfg = Debug|Any CPU
		{59B5BCF7-FBCF-49F0-8083-0C59E5608F16}.AppStore|iPhone.Build.0 = Debug|Any CPU
		{59B5BCF7-FBCF-49F0-8083-0C59E5608F16}.AppStore|iPhoneSimulator.ActiveCfg = Debug|Any CPU
		{59B5BCF7-FBCF-49F0-8083-0C59E5608F16}.AppStore|iPhoneSimulator.Build.0 = Debug|Any CPU
		{59B5BCF7-FBCF-49F0-8083-0C59E5608F16}.AppStore|x64.ActiveCfg = Debug|Any CPU
		{59B5BCF7-FBCF-49F0-8083-0C59E5608F16}.AppStore|x64.Build.0 = Debug|Any CPU
		{59B5BCF7-FBCF-49F0-8083-0C59E5608F16}.AppStore|x86.ActiveCfg = Debug|Any CPU
		{59B5BCF7-FBCF-49F0-8083-0C59E5608F16}.AppStore|x86.Build.0 = Debug|Any CPU
		{59B5BCF7-FBCF-49F0-8083-0C59E5608F16}.Debug|Any CPU.ActiveCfg = Debug|Any CPU
		{59B5BCF7-FBCF-49F0-8083-0C59E5608F16}.Debug|Any CPU.Build.0 = Debug|Any CPU
		{59B5BCF7-FBCF-49F0-8083-0C59E5608F16}.Debug|ARM.ActiveCfg = Debug|Any CPU
		{59B5BCF7-FBCF-49F0-8083-0C59E5608F16}.Debug|ARM.Build.0 = Debug|Any CPU
		{59B5BCF7-FBCF-49F0-8083-0C59E5608F16}.Debug|ARM64.ActiveCfg = Debug|Any CPU
		{59B5BCF7-FBCF-49F0-8083-0C59E5608F16}.Debug|ARM64.Build.0 = Debug|Any CPU
		{59B5BCF7-FBCF-49F0-8083-0C59E5608F16}.Debug|iPhone.ActiveCfg = Debug|Any CPU
		{59B5BCF7-FBCF-49F0-8083-0C59E5608F16}.Debug|iPhone.Build.0 = Debug|Any CPU
		{59B5BCF7-FBCF-49F0-8083-0C59E5608F16}.Debug|iPhoneSimulator.ActiveCfg = Debug|Any CPU
		{59B5BCF7-FBCF-49F0-8083-0C59E5608F16}.Debug|iPhoneSimulator.Build.0 = Debug|Any CPU
		{59B5BCF7-FBCF-49F0-8083-0C59E5608F16}.Debug|x64.ActiveCfg = Debug|Any CPU
		{59B5BCF7-FBCF-49F0-8083-0C59E5608F16}.Debug|x64.Build.0 = Debug|Any CPU
		{59B5BCF7-FBCF-49F0-8083-0C59E5608F16}.Debug|x86.ActiveCfg = Debug|Any CPU
		{59B5BCF7-FBCF-49F0-8083-0C59E5608F16}.Debug|x86.Build.0 = Debug|Any CPU
		{59B5BCF7-FBCF-49F0-8083-0C59E5608F16}.Release|Any CPU.ActiveCfg = Release|Any CPU
		{59B5BCF7-FBCF-49F0-8083-0C59E5608F16}.Release|Any CPU.Build.0 = Release|Any CPU
		{59B5BCF7-FBCF-49F0-8083-0C59E5608F16}.Release|ARM.ActiveCfg = Release|Any CPU
		{59B5BCF7-FBCF-49F0-8083-0C59E5608F16}.Release|ARM.Build.0 = Release|Any CPU
		{59B5BCF7-FBCF-49F0-8083-0C59E5608F16}.Release|ARM64.ActiveCfg = Release|Any CPU
		{59B5BCF7-FBCF-49F0-8083-0C59E5608F16}.Release|ARM64.Build.0 = Release|Any CPU
		{59B5BCF7-FBCF-49F0-8083-0C59E5608F16}.Release|iPhone.ActiveCfg = Release|Any CPU
		{59B5BCF7-FBCF-49F0-8083-0C59E5608F16}.Release|iPhone.Build.0 = Release|Any CPU
		{59B5BCF7-FBCF-49F0-8083-0C59E5608F16}.Release|iPhoneSimulator.ActiveCfg = Release|Any CPU
		{59B5BCF7-FBCF-49F0-8083-0C59E5608F16}.Release|iPhoneSimulator.Build.0 = Release|Any CPU
		{59B5BCF7-FBCF-49F0-8083-0C59E5608F16}.Release|x64.ActiveCfg = Release|Any CPU
		{59B5BCF7-FBCF-49F0-8083-0C59E5608F16}.Release|x64.Build.0 = Release|Any CPU
		{59B5BCF7-FBCF-49F0-8083-0C59E5608F16}.Release|x86.ActiveCfg = Release|Any CPU
		{59B5BCF7-FBCF-49F0-8083-0C59E5608F16}.Release|x86.Build.0 = Release|Any CPU
		{43041F5C-952E-462C-88D1-4864CE30B1E0}.Ad-Hoc|Any CPU.ActiveCfg = Debug|iPhoneSimulator
		{43041F5C-952E-462C-88D1-4864CE30B1E0}.Ad-Hoc|Any CPU.Build.0 = Debug|iPhoneSimulator
		{43041F5C-952E-462C-88D1-4864CE30B1E0}.Ad-Hoc|ARM.ActiveCfg = Debug|iPhoneSimulator
		{43041F5C-952E-462C-88D1-4864CE30B1E0}.Ad-Hoc|ARM.Build.0 = Debug|iPhoneSimulator
		{43041F5C-952E-462C-88D1-4864CE30B1E0}.Ad-Hoc|ARM64.ActiveCfg = Debug|iPhoneSimulator
		{43041F5C-952E-462C-88D1-4864CE30B1E0}.Ad-Hoc|ARM64.Build.0 = Debug|iPhoneSimulator
		{43041F5C-952E-462C-88D1-4864CE30B1E0}.Ad-Hoc|iPhone.ActiveCfg = Debug|iPhoneSimulator
		{43041F5C-952E-462C-88D1-4864CE30B1E0}.Ad-Hoc|iPhone.Build.0 = Debug|iPhoneSimulator
		{43041F5C-952E-462C-88D1-4864CE30B1E0}.Ad-Hoc|iPhoneSimulator.ActiveCfg = Debug|iPhoneSimulator
		{43041F5C-952E-462C-88D1-4864CE30B1E0}.Ad-Hoc|iPhoneSimulator.Build.0 = Debug|iPhoneSimulator
		{43041F5C-952E-462C-88D1-4864CE30B1E0}.Ad-Hoc|x64.ActiveCfg = Debug|iPhoneSimulator
		{43041F5C-952E-462C-88D1-4864CE30B1E0}.Ad-Hoc|x64.Build.0 = Debug|iPhoneSimulator
		{43041F5C-952E-462C-88D1-4864CE30B1E0}.Ad-Hoc|x86.ActiveCfg = Debug|iPhoneSimulator
		{43041F5C-952E-462C-88D1-4864CE30B1E0}.Ad-Hoc|x86.Build.0 = Debug|iPhoneSimulator
		{43041F5C-952E-462C-88D1-4864CE30B1E0}.AppStore|Any CPU.ActiveCfg = Debug|iPhoneSimulator
		{43041F5C-952E-462C-88D1-4864CE30B1E0}.AppStore|Any CPU.Build.0 = Debug|iPhoneSimulator
		{43041F5C-952E-462C-88D1-4864CE30B1E0}.AppStore|ARM.ActiveCfg = Debug|iPhoneSimulator
		{43041F5C-952E-462C-88D1-4864CE30B1E0}.AppStore|ARM.Build.0 = Debug|iPhoneSimulator
		{43041F5C-952E-462C-88D1-4864CE30B1E0}.AppStore|ARM64.ActiveCfg = Debug|iPhoneSimulator
		{43041F5C-952E-462C-88D1-4864CE30B1E0}.AppStore|ARM64.Build.0 = Debug|iPhoneSimulator
		{43041F5C-952E-462C-88D1-4864CE30B1E0}.AppStore|iPhone.ActiveCfg = Debug|iPhoneSimulator
		{43041F5C-952E-462C-88D1-4864CE30B1E0}.AppStore|iPhone.Build.0 = Debug|iPhoneSimulator
		{43041F5C-952E-462C-88D1-4864CE30B1E0}.AppStore|iPhoneSimulator.ActiveCfg = Debug|iPhoneSimulator
		{43041F5C-952E-462C-88D1-4864CE30B1E0}.AppStore|iPhoneSimulator.Build.0 = Debug|iPhoneSimulator
		{43041F5C-952E-462C-88D1-4864CE30B1E0}.AppStore|x64.ActiveCfg = Debug|iPhoneSimulator
		{43041F5C-952E-462C-88D1-4864CE30B1E0}.AppStore|x64.Build.0 = Debug|iPhoneSimulator
		{43041F5C-952E-462C-88D1-4864CE30B1E0}.AppStore|x86.ActiveCfg = Debug|iPhoneSimulator
		{43041F5C-952E-462C-88D1-4864CE30B1E0}.AppStore|x86.Build.0 = Debug|iPhoneSimulator
		{43041F5C-952E-462C-88D1-4864CE30B1E0}.Debug|Any CPU.ActiveCfg = Debug|iPhoneSimulator
		{43041F5C-952E-462C-88D1-4864CE30B1E0}.Debug|Any CPU.Build.0 = Debug|iPhoneSimulator
		{43041F5C-952E-462C-88D1-4864CE30B1E0}.Debug|ARM.ActiveCfg = Debug|iPhoneSimulator
		{43041F5C-952E-462C-88D1-4864CE30B1E0}.Debug|ARM.Build.0 = Debug|iPhoneSimulator
		{43041F5C-952E-462C-88D1-4864CE30B1E0}.Debug|ARM64.ActiveCfg = Debug|iPhoneSimulator
		{43041F5C-952E-462C-88D1-4864CE30B1E0}.Debug|ARM64.Build.0 = Debug|iPhoneSimulator
		{43041F5C-952E-462C-88D1-4864CE30B1E0}.Debug|iPhone.ActiveCfg = Debug|iPhoneSimulator
		{43041F5C-952E-462C-88D1-4864CE30B1E0}.Debug|iPhone.Build.0 = Debug|iPhoneSimulator
		{43041F5C-952E-462C-88D1-4864CE30B1E0}.Debug|iPhoneSimulator.ActiveCfg = Debug|iPhoneSimulator
		{43041F5C-952E-462C-88D1-4864CE30B1E0}.Debug|iPhoneSimulator.Build.0 = Debug|iPhoneSimulator
		{43041F5C-952E-462C-88D1-4864CE30B1E0}.Debug|x64.ActiveCfg = Debug|iPhoneSimulator
		{43041F5C-952E-462C-88D1-4864CE30B1E0}.Debug|x64.Build.0 = Debug|iPhoneSimulator
		{43041F5C-952E-462C-88D1-4864CE30B1E0}.Debug|x86.ActiveCfg = Debug|iPhoneSimulator
		{43041F5C-952E-462C-88D1-4864CE30B1E0}.Debug|x86.Build.0 = Debug|iPhoneSimulator
		{43041F5C-952E-462C-88D1-4864CE30B1E0}.Release|Any CPU.ActiveCfg = Release|iPhoneSimulator
		{43041F5C-952E-462C-88D1-4864CE30B1E0}.Release|Any CPU.Build.0 = Release|iPhoneSimulator
		{43041F5C-952E-462C-88D1-4864CE30B1E0}.Release|ARM.ActiveCfg = Release|iPhoneSimulator
		{43041F5C-952E-462C-88D1-4864CE30B1E0}.Release|ARM.Build.0 = Release|iPhoneSimulator
		{43041F5C-952E-462C-88D1-4864CE30B1E0}.Release|ARM64.ActiveCfg = Release|iPhoneSimulator
		{43041F5C-952E-462C-88D1-4864CE30B1E0}.Release|ARM64.Build.0 = Release|iPhoneSimulator
		{43041F5C-952E-462C-88D1-4864CE30B1E0}.Release|iPhone.ActiveCfg = Release|iPhoneSimulator
		{43041F5C-952E-462C-88D1-4864CE30B1E0}.Release|iPhone.Build.0 = Release|iPhoneSimulator
		{43041F5C-952E-462C-88D1-4864CE30B1E0}.Release|iPhoneSimulator.ActiveCfg = Release|iPhoneSimulator
		{43041F5C-952E-462C-88D1-4864CE30B1E0}.Release|iPhoneSimulator.Build.0 = Release|iPhoneSimulator
		{43041F5C-952E-462C-88D1-4864CE30B1E0}.Release|x64.ActiveCfg = Release|iPhoneSimulator
		{43041F5C-952E-462C-88D1-4864CE30B1E0}.Release|x64.Build.0 = Release|iPhoneSimulator
		{43041F5C-952E-462C-88D1-4864CE30B1E0}.Release|x86.ActiveCfg = Release|iPhoneSimulator
		{43041F5C-952E-462C-88D1-4864CE30B1E0}.Release|x86.Build.0 = Release|iPhoneSimulator
		{9AEECC45-B2A0-4880-805B-9EB8C8BB4F49}.Ad-Hoc|Any CPU.ActiveCfg = Debug|Any CPU
		{9AEECC45-B2A0-4880-805B-9EB8C8BB4F49}.Ad-Hoc|Any CPU.Build.0 = Debug|Any CPU
		{9AEECC45-B2A0-4880-805B-9EB8C8BB4F49}.Ad-Hoc|ARM.ActiveCfg = Debug|Any CPU
		{9AEECC45-B2A0-4880-805B-9EB8C8BB4F49}.Ad-Hoc|ARM.Build.0 = Debug|Any CPU
		{9AEECC45-B2A0-4880-805B-9EB8C8BB4F49}.Ad-Hoc|ARM64.ActiveCfg = Debug|Any CPU
		{9AEECC45-B2A0-4880-805B-9EB8C8BB4F49}.Ad-Hoc|ARM64.Build.0 = Debug|Any CPU
		{9AEECC45-B2A0-4880-805B-9EB8C8BB4F49}.Ad-Hoc|iPhone.ActiveCfg = Debug|Any CPU
		{9AEECC45-B2A0-4880-805B-9EB8C8BB4F49}.Ad-Hoc|iPhone.Build.0 = Debug|Any CPU
		{9AEECC45-B2A0-4880-805B-9EB8C8BB4F49}.Ad-Hoc|iPhoneSimulator.ActiveCfg = Debug|Any CPU
		{9AEECC45-B2A0-4880-805B-9EB8C8BB4F49}.Ad-Hoc|iPhoneSimulator.Build.0 = Debug|Any CPU
		{9AEECC45-B2A0-4880-805B-9EB8C8BB4F49}.Ad-Hoc|x64.ActiveCfg = Debug|Any CPU
		{9AEECC45-B2A0-4880-805B-9EB8C8BB4F49}.Ad-Hoc|x64.Build.0 = Debug|Any CPU
		{9AEECC45-B2A0-4880-805B-9EB8C8BB4F49}.Ad-Hoc|x86.ActiveCfg = Debug|Any CPU
		{9AEECC45-B2A0-4880-805B-9EB8C8BB4F49}.Ad-Hoc|x86.Build.0 = Debug|Any CPU
		{9AEECC45-B2A0-4880-805B-9EB8C8BB4F49}.AppStore|Any CPU.ActiveCfg = Debug|Any CPU
		{9AEECC45-B2A0-4880-805B-9EB8C8BB4F49}.AppStore|Any CPU.Build.0 = Debug|Any CPU
		{9AEECC45-B2A0-4880-805B-9EB8C8BB4F49}.AppStore|ARM.ActiveCfg = Debug|Any CPU
		{9AEECC45-B2A0-4880-805B-9EB8C8BB4F49}.AppStore|ARM.Build.0 = Debug|Any CPU
		{9AEECC45-B2A0-4880-805B-9EB8C8BB4F49}.AppStore|ARM64.ActiveCfg = Debug|Any CPU
		{9AEECC45-B2A0-4880-805B-9EB8C8BB4F49}.AppStore|ARM64.Build.0 = Debug|Any CPU
		{9AEECC45-B2A0-4880-805B-9EB8C8BB4F49}.AppStore|iPhone.ActiveCfg = Debug|Any CPU
		{9AEECC45-B2A0-4880-805B-9EB8C8BB4F49}.AppStore|iPhone.Build.0 = Debug|Any CPU
		{9AEECC45-B2A0-4880-805B-9EB8C8BB4F49}.AppStore|iPhoneSimulator.ActiveCfg = Debug|Any CPU
		{9AEECC45-B2A0-4880-805B-9EB8C8BB4F49}.AppStore|iPhoneSimulator.Build.0 = Debug|Any CPU
		{9AEECC45-B2A0-4880-805B-9EB8C8BB4F49}.AppStore|x64.ActiveCfg = Debug|Any CPU
		{9AEECC45-B2A0-4880-805B-9EB8C8BB4F49}.AppStore|x64.Build.0 = Debug|Any CPU
		{9AEECC45-B2A0-4880-805B-9EB8C8BB4F49}.AppStore|x86.ActiveCfg = Debug|Any CPU
		{9AEECC45-B2A0-4880-805B-9EB8C8BB4F49}.AppStore|x86.Build.0 = Debug|Any CPU
		{9AEECC45-B2A0-4880-805B-9EB8C8BB4F49}.Debug|Any CPU.ActiveCfg = Debug|Any CPU
		{9AEECC45-B2A0-4880-805B-9EB8C8BB4F49}.Debug|Any CPU.Build.0 = Debug|Any CPU
		{9AEECC45-B2A0-4880-805B-9EB8C8BB4F49}.Debug|ARM.ActiveCfg = Debug|Any CPU
		{9AEECC45-B2A0-4880-805B-9EB8C8BB4F49}.Debug|ARM.Build.0 = Debug|Any CPU
		{9AEECC45-B2A0-4880-805B-9EB8C8BB4F49}.Debug|ARM64.ActiveCfg = Debug|Any CPU
		{9AEECC45-B2A0-4880-805B-9EB8C8BB4F49}.Debug|ARM64.Build.0 = Debug|Any CPU
		{9AEECC45-B2A0-4880-805B-9EB8C8BB4F49}.Debug|iPhone.ActiveCfg = Debug|Any CPU
		{9AEECC45-B2A0-4880-805B-9EB8C8BB4F49}.Debug|iPhone.Build.0 = Debug|Any CPU
		{9AEECC45-B2A0-4880-805B-9EB8C8BB4F49}.Debug|iPhoneSimulator.ActiveCfg = Debug|Any CPU
		{9AEECC45-B2A0-4880-805B-9EB8C8BB4F49}.Debug|iPhoneSimulator.Build.0 = Debug|Any CPU
		{9AEECC45-B2A0-4880-805B-9EB8C8BB4F49}.Debug|x64.ActiveCfg = Debug|Any CPU
		{9AEECC45-B2A0-4880-805B-9EB8C8BB4F49}.Debug|x64.Build.0 = Debug|Any CPU
		{9AEECC45-B2A0-4880-805B-9EB8C8BB4F49}.Debug|x86.ActiveCfg = Debug|Any CPU
		{9AEECC45-B2A0-4880-805B-9EB8C8BB4F49}.Debug|x86.Build.0 = Debug|Any CPU
		{9AEECC45-B2A0-4880-805B-9EB8C8BB4F49}.Release|Any CPU.ActiveCfg = Release|Any CPU
		{9AEECC45-B2A0-4880-805B-9EB8C8BB4F49}.Release|Any CPU.Build.0 = Release|Any CPU
		{9AEECC45-B2A0-4880-805B-9EB8C8BB4F49}.Release|ARM.ActiveCfg = Release|Any CPU
		{9AEECC45-B2A0-4880-805B-9EB8C8BB4F49}.Release|ARM.Build.0 = Release|Any CPU
		{9AEECC45-B2A0-4880-805B-9EB8C8BB4F49}.Release|ARM64.ActiveCfg = Release|Any CPU
		{9AEECC45-B2A0-4880-805B-9EB8C8BB4F49}.Release|ARM64.Build.0 = Release|Any CPU
		{9AEECC45-B2A0-4880-805B-9EB8C8BB4F49}.Release|iPhone.ActiveCfg = Release|Any CPU
		{9AEECC45-B2A0-4880-805B-9EB8C8BB4F49}.Release|iPhone.Build.0 = Release|Any CPU
		{9AEECC45-B2A0-4880-805B-9EB8C8BB4F49}.Release|iPhoneSimulator.ActiveCfg = Release|Any CPU
		{9AEECC45-B2A0-4880-805B-9EB8C8BB4F49}.Release|iPhoneSimulator.Build.0 = Release|Any CPU
		{9AEECC45-B2A0-4880-805B-9EB8C8BB4F49}.Release|x64.ActiveCfg = Release|Any CPU
		{9AEECC45-B2A0-4880-805B-9EB8C8BB4F49}.Release|x64.Build.0 = Release|Any CPU
		{9AEECC45-B2A0-4880-805B-9EB8C8BB4F49}.Release|x86.ActiveCfg = Release|Any CPU
		{9AEECC45-B2A0-4880-805B-9EB8C8BB4F49}.Release|x86.Build.0 = Release|Any CPU
		{3B474C0B-144B-457E-8A0E-A96D03363827}.Ad-Hoc|Any CPU.ActiveCfg = Debug|Any CPU
		{3B474C0B-144B-457E-8A0E-A96D03363827}.Ad-Hoc|Any CPU.Build.0 = Debug|Any CPU
		{3B474C0B-144B-457E-8A0E-A96D03363827}.Ad-Hoc|ARM.ActiveCfg = Debug|Any CPU
		{3B474C0B-144B-457E-8A0E-A96D03363827}.Ad-Hoc|ARM.Build.0 = Debug|Any CPU
		{3B474C0B-144B-457E-8A0E-A96D03363827}.Ad-Hoc|ARM64.ActiveCfg = Debug|Any CPU
		{3B474C0B-144B-457E-8A0E-A96D03363827}.Ad-Hoc|ARM64.Build.0 = Debug|Any CPU
		{3B474C0B-144B-457E-8A0E-A96D03363827}.Ad-Hoc|iPhone.ActiveCfg = Debug|Any CPU
		{3B474C0B-144B-457E-8A0E-A96D03363827}.Ad-Hoc|iPhone.Build.0 = Debug|Any CPU
		{3B474C0B-144B-457E-8A0E-A96D03363827}.Ad-Hoc|iPhoneSimulator.ActiveCfg = Debug|Any CPU
		{3B474C0B-144B-457E-8A0E-A96D03363827}.Ad-Hoc|iPhoneSimulator.Build.0 = Debug|Any CPU
		{3B474C0B-144B-457E-8A0E-A96D03363827}.Ad-Hoc|x64.ActiveCfg = Debug|Any CPU
		{3B474C0B-144B-457E-8A0E-A96D03363827}.Ad-Hoc|x64.Build.0 = Debug|Any CPU
		{3B474C0B-144B-457E-8A0E-A96D03363827}.Ad-Hoc|x86.ActiveCfg = Debug|Any CPU
		{3B474C0B-144B-457E-8A0E-A96D03363827}.Ad-Hoc|x86.Build.0 = Debug|Any CPU
		{3B474C0B-144B-457E-8A0E-A96D03363827}.AppStore|Any CPU.ActiveCfg = Debug|Any CPU
		{3B474C0B-144B-457E-8A0E-A96D03363827}.AppStore|Any CPU.Build.0 = Debug|Any CPU
		{3B474C0B-144B-457E-8A0E-A96D03363827}.AppStore|ARM.ActiveCfg = Debug|Any CPU
		{3B474C0B-144B-457E-8A0E-A96D03363827}.AppStore|ARM.Build.0 = Debug|Any CPU
		{3B474C0B-144B-457E-8A0E-A96D03363827}.AppStore|ARM64.ActiveCfg = Debug|Any CPU
		{3B474C0B-144B-457E-8A0E-A96D03363827}.AppStore|ARM64.Build.0 = Debug|Any CPU
		{3B474C0B-144B-457E-8A0E-A96D03363827}.AppStore|iPhone.ActiveCfg = Debug|Any CPU
		{3B474C0B-144B-457E-8A0E-A96D03363827}.AppStore|iPhone.Build.0 = Debug|Any CPU
		{3B474C0B-144B-457E-8A0E-A96D03363827}.AppStore|iPhoneSimulator.ActiveCfg = Debug|Any CPU
		{3B474C0B-144B-457E-8A0E-A96D03363827}.AppStore|iPhoneSimulator.Build.0 = Debug|Any CPU
		{3B474C0B-144B-457E-8A0E-A96D03363827}.AppStore|x64.ActiveCfg = Debug|Any CPU
		{3B474C0B-144B-457E-8A0E-A96D03363827}.AppStore|x64.Build.0 = Debug|Any CPU
		{3B474C0B-144B-457E-8A0E-A96D03363827}.AppStore|x86.ActiveCfg = Debug|Any CPU
		{3B474C0B-144B-457E-8A0E-A96D03363827}.AppStore|x86.Build.0 = Debug|Any CPU
		{3B474C0B-144B-457E-8A0E-A96D03363827}.Debug|Any CPU.ActiveCfg = Debug|Any CPU
		{3B474C0B-144B-457E-8A0E-A96D03363827}.Debug|Any CPU.Build.0 = Debug|Any CPU
		{3B474C0B-144B-457E-8A0E-A96D03363827}.Debug|ARM.ActiveCfg = Debug|Any CPU
		{3B474C0B-144B-457E-8A0E-A96D03363827}.Debug|ARM.Build.0 = Debug|Any CPU
		{3B474C0B-144B-457E-8A0E-A96D03363827}.Debug|ARM64.ActiveCfg = Debug|Any CPU
		{3B474C0B-144B-457E-8A0E-A96D03363827}.Debug|ARM64.Build.0 = Debug|Any CPU
		{3B474C0B-144B-457E-8A0E-A96D03363827}.Debug|iPhone.ActiveCfg = Debug|Any CPU
		{3B474C0B-144B-457E-8A0E-A96D03363827}.Debug|iPhone.Build.0 = Debug|Any CPU
		{3B474C0B-144B-457E-8A0E-A96D03363827}.Debug|iPhoneSimulator.ActiveCfg = Debug|Any CPU
		{3B474C0B-144B-457E-8A0E-A96D03363827}.Debug|iPhoneSimulator.Build.0 = Debug|Any CPU
		{3B474C0B-144B-457E-8A0E-A96D03363827}.Debug|x64.ActiveCfg = Debug|Any CPU
		{3B474C0B-144B-457E-8A0E-A96D03363827}.Debug|x64.Build.0 = Debug|Any CPU
		{3B474C0B-144B-457E-8A0E-A96D03363827}.Debug|x86.ActiveCfg = Debug|Any CPU
		{3B474C0B-144B-457E-8A0E-A96D03363827}.Debug|x86.Build.0 = Debug|Any CPU
		{3B474C0B-144B-457E-8A0E-A96D03363827}.Release|Any CPU.ActiveCfg = Release|Any CPU
		{3B474C0B-144B-457E-8A0E-A96D03363827}.Release|Any CPU.Build.0 = Release|Any CPU
		{3B474C0B-144B-457E-8A0E-A96D03363827}.Release|ARM.ActiveCfg = Release|Any CPU
		{3B474C0B-144B-457E-8A0E-A96D03363827}.Release|ARM.Build.0 = Release|Any CPU
		{3B474C0B-144B-457E-8A0E-A96D03363827}.Release|ARM64.ActiveCfg = Release|Any CPU
		{3B474C0B-144B-457E-8A0E-A96D03363827}.Release|ARM64.Build.0 = Release|Any CPU
		{3B474C0B-144B-457E-8A0E-A96D03363827}.Release|iPhone.ActiveCfg = Release|Any CPU
		{3B474C0B-144B-457E-8A0E-A96D03363827}.Release|iPhone.Build.0 = Release|Any CPU
		{3B474C0B-144B-457E-8A0E-A96D03363827}.Release|iPhoneSimulator.ActiveCfg = Release|Any CPU
		{3B474C0B-144B-457E-8A0E-A96D03363827}.Release|iPhoneSimulator.Build.0 = Release|Any CPU
		{3B474C0B-144B-457E-8A0E-A96D03363827}.Release|x64.ActiveCfg = Release|Any CPU
		{3B474C0B-144B-457E-8A0E-A96D03363827}.Release|x64.Build.0 = Release|Any CPU
		{3B474C0B-144B-457E-8A0E-A96D03363827}.Release|x86.ActiveCfg = Release|Any CPU
		{3B474C0B-144B-457E-8A0E-A96D03363827}.Release|x86.Build.0 = Release|Any CPU
		{0C9ACD02-C3E9-49C1-9BEB-8534B58239F9}.Ad-Hoc|Any CPU.ActiveCfg = Debug|Any CPU
		{0C9ACD02-C3E9-49C1-9BEB-8534B58239F9}.Ad-Hoc|Any CPU.Build.0 = Debug|Any CPU
		{0C9ACD02-C3E9-49C1-9BEB-8534B58239F9}.Ad-Hoc|ARM.ActiveCfg = Debug|Any CPU
		{0C9ACD02-C3E9-49C1-9BEB-8534B58239F9}.Ad-Hoc|ARM.Build.0 = Debug|Any CPU
		{0C9ACD02-C3E9-49C1-9BEB-8534B58239F9}.Ad-Hoc|ARM64.ActiveCfg = Debug|Any CPU
		{0C9ACD02-C3E9-49C1-9BEB-8534B58239F9}.Ad-Hoc|ARM64.Build.0 = Debug|Any CPU
		{0C9ACD02-C3E9-49C1-9BEB-8534B58239F9}.Ad-Hoc|iPhone.ActiveCfg = Debug|Any CPU
		{0C9ACD02-C3E9-49C1-9BEB-8534B58239F9}.Ad-Hoc|iPhone.Build.0 = Debug|Any CPU
		{0C9ACD02-C3E9-49C1-9BEB-8534B58239F9}.Ad-Hoc|iPhoneSimulator.ActiveCfg = Debug|Any CPU
		{0C9ACD02-C3E9-49C1-9BEB-8534B58239F9}.Ad-Hoc|iPhoneSimulator.Build.0 = Debug|Any CPU
		{0C9ACD02-C3E9-49C1-9BEB-8534B58239F9}.Ad-Hoc|x64.ActiveCfg = Debug|Any CPU
		{0C9ACD02-C3E9-49C1-9BEB-8534B58239F9}.Ad-Hoc|x64.Build.0 = Debug|Any CPU
		{0C9ACD02-C3E9-49C1-9BEB-8534B58239F9}.Ad-Hoc|x86.ActiveCfg = Debug|Any CPU
		{0C9ACD02-C3E9-49C1-9BEB-8534B58239F9}.Ad-Hoc|x86.Build.0 = Debug|Any CPU
		{0C9ACD02-C3E9-49C1-9BEB-8534B58239F9}.AppStore|Any CPU.ActiveCfg = Debug|Any CPU
		{0C9ACD02-C3E9-49C1-9BEB-8534B58239F9}.AppStore|Any CPU.Build.0 = Debug|Any CPU
		{0C9ACD02-C3E9-49C1-9BEB-8534B58239F9}.AppStore|ARM.ActiveCfg = Debug|Any CPU
		{0C9ACD02-C3E9-49C1-9BEB-8534B58239F9}.AppStore|ARM.Build.0 = Debug|Any CPU
		{0C9ACD02-C3E9-49C1-9BEB-8534B58239F9}.AppStore|ARM64.ActiveCfg = Debug|Any CPU
		{0C9ACD02-C3E9-49C1-9BEB-8534B58239F9}.AppStore|ARM64.Build.0 = Debug|Any CPU
		{0C9ACD02-C3E9-49C1-9BEB-8534B58239F9}.AppStore|iPhone.ActiveCfg = Debug|Any CPU
		{0C9ACD02-C3E9-49C1-9BEB-8534B58239F9}.AppStore|iPhone.Build.0 = Debug|Any CPU
		{0C9ACD02-C3E9-49C1-9BEB-8534B58239F9}.AppStore|iPhoneSimulator.ActiveCfg = Debug|Any CPU
		{0C9ACD02-C3E9-49C1-9BEB-8534B58239F9}.AppStore|iPhoneSimulator.Build.0 = Debug|Any CPU
		{0C9ACD02-C3E9-49C1-9BEB-8534B58239F9}.AppStore|x64.ActiveCfg = Debug|Any CPU
		{0C9ACD02-C3E9-49C1-9BEB-8534B58239F9}.AppStore|x64.Build.0 = Debug|Any CPU
		{0C9ACD02-C3E9-49C1-9BEB-8534B58239F9}.AppStore|x86.ActiveCfg = Debug|Any CPU
		{0C9ACD02-C3E9-49C1-9BEB-8534B58239F9}.AppStore|x86.Build.0 = Debug|Any CPU
		{0C9ACD02-C3E9-49C1-9BEB-8534B58239F9}.Debug|Any CPU.ActiveCfg = Debug|Any CPU
		{0C9ACD02-C3E9-49C1-9BEB-8534B58239F9}.Debug|Any CPU.Build.0 = Debug|Any CPU
		{0C9ACD02-C3E9-49C1-9BEB-8534B58239F9}.Debug|ARM.ActiveCfg = Debug|Any CPU
		{0C9ACD02-C3E9-49C1-9BEB-8534B58239F9}.Debug|ARM.Build.0 = Debug|Any CPU
		{0C9ACD02-C3E9-49C1-9BEB-8534B58239F9}.Debug|ARM64.ActiveCfg = Debug|Any CPU
		{0C9ACD02-C3E9-49C1-9BEB-8534B58239F9}.Debug|ARM64.Build.0 = Debug|Any CPU
		{0C9ACD02-C3E9-49C1-9BEB-8534B58239F9}.Debug|iPhone.ActiveCfg = Debug|Any CPU
		{0C9ACD02-C3E9-49C1-9BEB-8534B58239F9}.Debug|iPhone.Build.0 = Debug|Any CPU
		{0C9ACD02-C3E9-49C1-9BEB-8534B58239F9}.Debug|iPhoneSimulator.ActiveCfg = Debug|Any CPU
		{0C9ACD02-C3E9-49C1-9BEB-8534B58239F9}.Debug|iPhoneSimulator.Build.0 = Debug|Any CPU
		{0C9ACD02-C3E9-49C1-9BEB-8534B58239F9}.Debug|x64.ActiveCfg = Debug|Any CPU
		{0C9ACD02-C3E9-49C1-9BEB-8534B58239F9}.Debug|x64.Build.0 = Debug|Any CPU
		{0C9ACD02-C3E9-49C1-9BEB-8534B58239F9}.Debug|x86.ActiveCfg = Debug|Any CPU
		{0C9ACD02-C3E9-49C1-9BEB-8534B58239F9}.Debug|x86.Build.0 = Debug|Any CPU
		{0C9ACD02-C3E9-49C1-9BEB-8534B58239F9}.Release|Any CPU.ActiveCfg = Release|Any CPU
		{0C9ACD02-C3E9-49C1-9BEB-8534B58239F9}.Release|Any CPU.Build.0 = Release|Any CPU
		{0C9ACD02-C3E9-49C1-9BEB-8534B58239F9}.Release|ARM.ActiveCfg = Release|Any CPU
		{0C9ACD02-C3E9-49C1-9BEB-8534B58239F9}.Release|ARM.Build.0 = Release|Any CPU
		{0C9ACD02-C3E9-49C1-9BEB-8534B58239F9}.Release|ARM64.ActiveCfg = Release|Any CPU
		{0C9ACD02-C3E9-49C1-9BEB-8534B58239F9}.Release|ARM64.Build.0 = Release|Any CPU
		{0C9ACD02-C3E9-49C1-9BEB-8534B58239F9}.Release|iPhone.ActiveCfg = Release|Any CPU
		{0C9ACD02-C3E9-49C1-9BEB-8534B58239F9}.Release|iPhone.Build.0 = Release|Any CPU
		{0C9ACD02-C3E9-49C1-9BEB-8534B58239F9}.Release|iPhoneSimulator.ActiveCfg = Release|Any CPU
		{0C9ACD02-C3E9-49C1-9BEB-8534B58239F9}.Release|iPhoneSimulator.Build.0 = Release|Any CPU
		{0C9ACD02-C3E9-49C1-9BEB-8534B58239F9}.Release|x64.ActiveCfg = Release|Any CPU
		{0C9ACD02-C3E9-49C1-9BEB-8534B58239F9}.Release|x64.Build.0 = Release|Any CPU
		{0C9ACD02-C3E9-49C1-9BEB-8534B58239F9}.Release|x86.ActiveCfg = Release|Any CPU
		{0C9ACD02-C3E9-49C1-9BEB-8534B58239F9}.Release|x86.Build.0 = Release|Any CPU
		{86E0BE0C-2D17-40CB-A2A1-C9C68764C9CE}.Ad-Hoc|Any CPU.ActiveCfg = Debug|Any CPU
		{86E0BE0C-2D17-40CB-A2A1-C9C68764C9CE}.Ad-Hoc|Any CPU.Build.0 = Debug|Any CPU
		{86E0BE0C-2D17-40CB-A2A1-C9C68764C9CE}.Ad-Hoc|ARM.ActiveCfg = Debug|Any CPU
		{86E0BE0C-2D17-40CB-A2A1-C9C68764C9CE}.Ad-Hoc|ARM.Build.0 = Debug|Any CPU
		{86E0BE0C-2D17-40CB-A2A1-C9C68764C9CE}.Ad-Hoc|ARM64.ActiveCfg = Debug|Any CPU
		{86E0BE0C-2D17-40CB-A2A1-C9C68764C9CE}.Ad-Hoc|ARM64.Build.0 = Debug|Any CPU
		{86E0BE0C-2D17-40CB-A2A1-C9C68764C9CE}.Ad-Hoc|iPhone.ActiveCfg = Debug|Any CPU
		{86E0BE0C-2D17-40CB-A2A1-C9C68764C9CE}.Ad-Hoc|iPhone.Build.0 = Debug|Any CPU
		{86E0BE0C-2D17-40CB-A2A1-C9C68764C9CE}.Ad-Hoc|iPhoneSimulator.ActiveCfg = Debug|Any CPU
		{86E0BE0C-2D17-40CB-A2A1-C9C68764C9CE}.Ad-Hoc|iPhoneSimulator.Build.0 = Debug|Any CPU
		{86E0BE0C-2D17-40CB-A2A1-C9C68764C9CE}.Ad-Hoc|x64.ActiveCfg = Debug|Any CPU
		{86E0BE0C-2D17-40CB-A2A1-C9C68764C9CE}.Ad-Hoc|x64.Build.0 = Debug|Any CPU
		{86E0BE0C-2D17-40CB-A2A1-C9C68764C9CE}.Ad-Hoc|x86.ActiveCfg = Debug|Any CPU
		{86E0BE0C-2D17-40CB-A2A1-C9C68764C9CE}.Ad-Hoc|x86.Build.0 = Debug|Any CPU
		{86E0BE0C-2D17-40CB-A2A1-C9C68764C9CE}.AppStore|Any CPU.ActiveCfg = Debug|Any CPU
		{86E0BE0C-2D17-40CB-A2A1-C9C68764C9CE}.AppStore|Any CPU.Build.0 = Debug|Any CPU
		{86E0BE0C-2D17-40CB-A2A1-C9C68764C9CE}.AppStore|ARM.ActiveCfg = Debug|Any CPU
		{86E0BE0C-2D17-40CB-A2A1-C9C68764C9CE}.AppStore|ARM.Build.0 = Debug|Any CPU
		{86E0BE0C-2D17-40CB-A2A1-C9C68764C9CE}.AppStore|ARM64.ActiveCfg = Debug|Any CPU
		{86E0BE0C-2D17-40CB-A2A1-C9C68764C9CE}.AppStore|ARM64.Build.0 = Debug|Any CPU
		{86E0BE0C-2D17-40CB-A2A1-C9C68764C9CE}.AppStore|iPhone.ActiveCfg = Debug|Any CPU
		{86E0BE0C-2D17-40CB-A2A1-C9C68764C9CE}.AppStore|iPhone.Build.0 = Debug|Any CPU
		{86E0BE0C-2D17-40CB-A2A1-C9C68764C9CE}.AppStore|iPhoneSimulator.ActiveCfg = Debug|Any CPU
		{86E0BE0C-2D17-40CB-A2A1-C9C68764C9CE}.AppStore|iPhoneSimulator.Build.0 = Debug|Any CPU
		{86E0BE0C-2D17-40CB-A2A1-C9C68764C9CE}.AppStore|x64.ActiveCfg = Debug|Any CPU
		{86E0BE0C-2D17-40CB-A2A1-C9C68764C9CE}.AppStore|x64.Build.0 = Debug|Any CPU
		{86E0BE0C-2D17-40CB-A2A1-C9C68764C9CE}.AppStore|x86.ActiveCfg = Debug|Any CPU
		{86E0BE0C-2D17-40CB-A2A1-C9C68764C9CE}.AppStore|x86.Build.0 = Debug|Any CPU
		{86E0BE0C-2D17-40CB-A2A1-C9C68764C9CE}.Debug|Any CPU.ActiveCfg = Debug|Any CPU
		{86E0BE0C-2D17-40CB-A2A1-C9C68764C9CE}.Debug|Any CPU.Build.0 = Debug|Any CPU
		{86E0BE0C-2D17-40CB-A2A1-C9C68764C9CE}.Debug|ARM.ActiveCfg = Debug|Any CPU
		{86E0BE0C-2D17-40CB-A2A1-C9C68764C9CE}.Debug|ARM.Build.0 = Debug|Any CPU
		{86E0BE0C-2D17-40CB-A2A1-C9C68764C9CE}.Debug|ARM64.ActiveCfg = Debug|Any CPU
		{86E0BE0C-2D17-40CB-A2A1-C9C68764C9CE}.Debug|ARM64.Build.0 = Debug|Any CPU
		{86E0BE0C-2D17-40CB-A2A1-C9C68764C9CE}.Debug|iPhone.ActiveCfg = Debug|Any CPU
		{86E0BE0C-2D17-40CB-A2A1-C9C68764C9CE}.Debug|iPhone.Build.0 = Debug|Any CPU
		{86E0BE0C-2D17-40CB-A2A1-C9C68764C9CE}.Debug|iPhoneSimulator.ActiveCfg = Debug|Any CPU
		{86E0BE0C-2D17-40CB-A2A1-C9C68764C9CE}.Debug|iPhoneSimulator.Build.0 = Debug|Any CPU
		{86E0BE0C-2D17-40CB-A2A1-C9C68764C9CE}.Debug|x64.ActiveCfg = Debug|Any CPU
		{86E0BE0C-2D17-40CB-A2A1-C9C68764C9CE}.Debug|x64.Build.0 = Debug|Any CPU
		{86E0BE0C-2D17-40CB-A2A1-C9C68764C9CE}.Debug|x86.ActiveCfg = Debug|Any CPU
		{86E0BE0C-2D17-40CB-A2A1-C9C68764C9CE}.Debug|x86.Build.0 = Debug|Any CPU
		{86E0BE0C-2D17-40CB-A2A1-C9C68764C9CE}.Release|Any CPU.ActiveCfg = Release|Any CPU
		{86E0BE0C-2D17-40CB-A2A1-C9C68764C9CE}.Release|Any CPU.Build.0 = Release|Any CPU
		{86E0BE0C-2D17-40CB-A2A1-C9C68764C9CE}.Release|ARM.ActiveCfg = Release|Any CPU
		{86E0BE0C-2D17-40CB-A2A1-C9C68764C9CE}.Release|ARM.Build.0 = Release|Any CPU
		{86E0BE0C-2D17-40CB-A2A1-C9C68764C9CE}.Release|ARM64.ActiveCfg = Release|Any CPU
		{86E0BE0C-2D17-40CB-A2A1-C9C68764C9CE}.Release|ARM64.Build.0 = Release|Any CPU
		{86E0BE0C-2D17-40CB-A2A1-C9C68764C9CE}.Release|iPhone.ActiveCfg = Release|Any CPU
		{86E0BE0C-2D17-40CB-A2A1-C9C68764C9CE}.Release|iPhone.Build.0 = Release|Any CPU
		{86E0BE0C-2D17-40CB-A2A1-C9C68764C9CE}.Release|iPhoneSimulator.ActiveCfg = Release|Any CPU
		{86E0BE0C-2D17-40CB-A2A1-C9C68764C9CE}.Release|iPhoneSimulator.Build.0 = Release|Any CPU
		{86E0BE0C-2D17-40CB-A2A1-C9C68764C9CE}.Release|x64.ActiveCfg = Release|Any CPU
		{86E0BE0C-2D17-40CB-A2A1-C9C68764C9CE}.Release|x64.Build.0 = Release|Any CPU
		{86E0BE0C-2D17-40CB-A2A1-C9C68764C9CE}.Release|x86.ActiveCfg = Release|Any CPU
		{86E0BE0C-2D17-40CB-A2A1-C9C68764C9CE}.Release|x86.Build.0 = Release|Any CPU
	EndGlobalSection
	GlobalSection(SolutionProperties) = preSolution
		HideSolutionNode = FALSE
	EndGlobalSection
	GlobalSection(NestedProjects) = preSolution
		{234E05B3-90E5-47C8-A2F4-1C9A25FA996E} = {F9B5E39B-6032-4015-B4A2-8FE6D7123139}
		{44F36988-6D90-4F97-889F-B7B4A007AF8E} = {F9B5E39B-6032-4015-B4A2-8FE6D7123139}
		{7B5540B8-951A-4A9F-8D87-6F2F33003B3D} = {F9B5E39B-6032-4015-B4A2-8FE6D7123139}
		{59B5BCF7-FBCF-49F0-8083-0C59E5608F16} = {F9B5E39B-6032-4015-B4A2-8FE6D7123139}
		{43041F5C-952E-462C-88D1-4864CE30B1E0} = {F9B5E39B-6032-4015-B4A2-8FE6D7123139}
		{9AEECC45-B2A0-4880-805B-9EB8C8BB4F49} = {F9B5E39B-6032-4015-B4A2-8FE6D7123139}
		{3B474C0B-144B-457E-8A0E-A96D03363827} = {F9B5E39B-6032-4015-B4A2-8FE6D7123139}
		{0C9ACD02-C3E9-49C1-9BEB-8534B58239F9} = {F9B5E39B-6032-4015-B4A2-8FE6D7123139}
		{86E0BE0C-2D17-40CB-A2A1-C9C68764C9CE} = {F9B5E39B-6032-4015-B4A2-8FE6D7123139}
	EndGlobalSection
	GlobalSection(ExtensibilityGlobals) = postSolution
		SolutionGuid = {B8E322B6-ED5C-4089-B55A-1C99791D1BF8}
	EndGlobalSection
EndGlobal
